
Microsoft Visual Studio Solution File, Format Version 12.00
# Visual Studio Version 17
VisualStudioVersion = 17.14.36401.2 d17.14
MinimumVisualStudioVersion = 10.0.40219.1
Project("{FAE04EC0-301F-11D3-BF4B-00C04F79EFBC}") = "AccountRegistration", "AccountRegistration\AccountRegistration.csproj", "{1F2E4D39-F1AC-4CFB-86F3-ABDD653CA089}"
EndProject
Global
	GlobalSection(SolutionConfigurationPlatforms) = preSolution
		Debug|Any CPU = Debug|Any CPU
		Release|Any CPU = Release|Any CPU
	EndGlobalSection
	GlobalSection(ProjectConfigurationPlatforms) = postSolution
		{1F2E4D39-F1AC-4CFB-86F3-ABDD653CA089}.Debug|Any CPU.ActiveCfg = Debug|Any CPU
		{1F2E4D39-F1AC-4CFB-86F3-ABDD653CA089}.Debug|Any CPU.Build.0 = Debug|Any CPU
		{1F2E4D39-F1AC-4CFB-86F3-ABDD653CA089}.Release|Any CPU.ActiveCfg = Release|Any CPU
		{1F2E4D39-F1AC-4CFB-86F3-ABDD653CA089}.Release|Any CPU.Build.0 = Release|Any CPU
	EndGlobalSection
	GlobalSection(SolutionProperties) = preSolution
		HideSolutionNode = FALSE
	EndGlobalSection
	GlobalSection(ExtensibilityGlobals) = postSolution
		SolutionGuid = {BA0C1AB9-0878-4D4A-ACD5-7F4A5F5EB312}
	EndGlobalSection
EndGlobal
